<?xml version="1.0" encoding="UTF-8"?>
<!DOCTYPE plist PUBLIC "-//Apple//DTD PLIST 1.0//EN" "http://www.apple.com/DTDs/PropertyList-1.0.dtd">
<plist version="1.0">
<dict>
	<key>archiveVersion</key>
	<string>1</string>
	<key>classes</key>
	<dict/>
	<key>objectVersion</key>
	<string>46</string>
	<key>objects</key>
	<dict>
		<key>07C1A945B2B640058762E475</key>
		<dict>
			<key>includeInIndex</key>
			<string>1</string>
			<key>isa</key>
			<string>PBXFileReference</string>
			<key>lastKnownFileType</key>
			<string>text.xcconfig</string>
			<key>name</key>
			<string>Pods.xcconfig</string>
			<key>path</key>
			<string>Pods/Pods.xcconfig</string>
			<key>sourceTree</key>
			<string>SOURCE_ROOT</string>
		</dict>
		<key>10C7BAE862E94E69A522B176</key>
		<dict>
			<key>buildActionMask</key>
			<string>2147483647</string>
			<key>files</key>
			<array/>
			<key>inputPaths</key>
			<array/>
			<key>isa</key>
			<string>PBXShellScriptBuildPhase</string>
			<key>name</key>
			<string>Copy Pods Resources</string>
			<key>outputPaths</key>
			<array/>
			<key>runOnlyForDeploymentPostprocessing</key>
			<string>0</string>
			<key>shellPath</key>
			<string>/bin/sh</string>
			<key>shellScript</key>
			<string>"${SRCROOT}/Pods/Pods-resources.sh"
</string>
		</dict>
		<key>1669AFA3EE7D48348F066A2B</key>
		<dict>
			<key>explicitFileType</key>
			<string>archive.ar</string>
			<key>includeInIndex</key>
			<string>0</string>
			<key>isa</key>
			<string>PBXFileReference</string>
			<key>path</key>
			<string>libPods-DXSocialPostsTests.a</string>
			<key>sourceTree</key>
			<string>BUILT_PRODUCTS_DIR</string>
		</dict>
		<key>1F043DB33F454051B33E1072</key>
		<dict>
			<key>buildActionMask</key>
			<string>2147483647</string>
			<key>files</key>
			<array/>
			<key>inputPaths</key>
			<array/>
			<key>isa</key>
			<string>PBXShellScriptBuildPhase</string>
			<key>name</key>
			<string>Copy Pods Resources</string>
			<key>outputPaths</key>
			<array/>
			<key>runOnlyForDeploymentPostprocessing</key>
			<string>0</string>
			<key>shellPath</key>
			<string>/bin/sh</string>
			<key>shellScript</key>
			<string>"${SRCROOT}/Pods/Pods-resources.sh"
</string>
		</dict>
		<key>270217D41F8E466A890F68C6</key>
		<dict>
			<key>includeInIndex</key>
			<string>1</string>
			<key>isa</key>
			<string>PBXFileReference</string>
			<key>lastKnownFileType</key>
			<string>text.xcconfig</string>
			<key>name</key>
			<string>Pods.xcconfig</string>
			<key>path</key>
			<string>Pods/Pods.xcconfig</string>
			<key>sourceTree</key>
			<string>SOURCE_ROOT</string>
		</dict>
		<key>2C2626151DF0435EB01520C7</key>
		<dict>
			<key>fileRef</key>
			<string>9C5B24CC8D9F41609775017D</string>
			<key>isa</key>
			<string>PBXBuildFile</string>
			<key>settings</key>
			<dict/>
		</dict>
		<key>3EB943D6CF5F4B55BB2E6618</key>
		<dict>
			<key>buildActionMask</key>
			<string>2147483647</string>
			<key>files</key>
			<array/>
			<key>inputPaths</key>
			<array/>
			<key>isa</key>
			<string>PBXShellScriptBuildPhase</string>
			<key>name</key>
			<string>Copy Pods Resources</string>
			<key>outputPaths</key>
			<array/>
			<key>runOnlyForDeploymentPostprocessing</key>
			<string>0</string>
			<key>shellPath</key>
			<string>/bin/sh</string>
			<key>shellScript</key>
			<string>"${SRCROOT}/Pods/Pods-resources.sh"
</string>
		</dict>
		<key>4A78B401524A411BB644554C</key>
		<dict>
			<key>fileRef</key>
			<string>1669AFA3EE7D48348F066A2B</string>
			<key>isa</key>
			<string>PBXBuildFile</string>
		</dict>
		<key>58D89F64B7794F04A69C974A</key>
		<dict>
			<key>buildActionMask</key>
			<string>2147483647</string>
			<key>files</key>
			<array/>
			<key>inputPaths</key>
			<array/>
			<key>isa</key>
			<string>PBXShellScriptBuildPhase</string>
			<key>name</key>
			<string>Copy Pods Resources</string>
			<key>outputPaths</key>
			<array/>
			<key>runOnlyForDeploymentPostprocessing</key>
			<string>0</string>
			<key>shellPath</key>
			<string>/bin/sh</string>
			<key>shellScript</key>
			<string>"${SRCROOT}/Pods/Pods-resources.sh"
</string>
		</dict>
		<key>7412ED535D694AF2AA2F33D5</key>
		<dict>
			<key>includeInIndex</key>
			<string>1</string>
			<key>isa</key>
			<string>PBXFileReference</string>
			<key>lastKnownFileType</key>
			<string>text.xcconfig</string>
			<key>name</key>
			<string>Pods.xcconfig</string>
			<key>path</key>
			<string>Pods/Pods.xcconfig</string>
			<key>sourceTree</key>
			<string>SOURCE_ROOT</string>
		</dict>
		<key>74E116B3A6D049FDACE68D27</key>
		<dict>
			<key>includeInIndex</key>
			<string>1</string>
			<key>isa</key>
			<string>PBXFileReference</string>
			<key>lastKnownFileType</key>
			<string>text.xcconfig</string>
			<key>name</key>
			<string>Pods.xcconfig</string>
			<key>path</key>
			<string>Pods/Pods.xcconfig</string>
			<key>sourceTree</key>
			<string>SOURCE_ROOT</string>
		</dict>
		<key>7BD19860DC624635B2E61BEA</key>
		<dict>
			<key>buildActionMask</key>
			<string>2147483647</string>
			<key>files</key>
			<array/>
			<key>inputPaths</key>
			<array/>
			<key>isa</key>
			<string>PBXShellScriptBuildPhase</string>
			<key>name</key>
			<string>Copy Pods Resources</string>
			<key>outputPaths</key>
			<array/>
			<key>runOnlyForDeploymentPostprocessing</key>
			<string>0</string>
			<key>shellPath</key>
			<string>/bin/sh</string>
			<key>shellScript</key>
			<string>"${SRCROOT}/Pods/Pods-DXSocialPostsTests-resources.sh"
</string>
		</dict>
		<key>8FC5768EF6474E2D88C61609</key>
		<dict>
			<key>includeInIndex</key>
			<string>1</string>
			<key>isa</key>
			<string>PBXFileReference</string>
			<key>lastKnownFileType</key>
			<string>text.xcconfig</string>
			<key>name</key>
			<string>Pods.xcconfig</string>
			<key>path</key>
			<string>Pods/Pods.xcconfig</string>
			<key>sourceTree</key>
			<string>SOURCE_ROOT</string>
		</dict>
		<key>9C5B24CC8D9F41609775017D</key>
		<dict>
			<key>explicitFileType</key>
			<string>archive.ar</string>
			<key>includeInIndex</key>
			<string>0</string>
			<key>isa</key>
			<string>PBXFileReference</string>
			<key>name</key>
			<string>libPods.a</string>
			<key>path</key>
			<string>libPods.a</string>
			<key>sourceTree</key>
			<string>BUILT_PRODUCTS_DIR</string>
		</dict>
		<key>AFA283F1A7F44CD4A8A48C90</key>
		<dict>
			<key>includeInIndex</key>
			<string>1</string>
			<key>isa</key>
			<string>PBXFileReference</string>
			<key>lastKnownFileType</key>
			<string>text.xcconfig</string>
			<key>name</key>
			<string>Pods-DXSocialPostsTests.xcconfig</string>
			<key>path</key>
			<string>Pods/Pods-DXSocialPostsTests.xcconfig</string>
			<key>sourceTree</key>
			<string>SOURCE_ROOT</string>
		</dict>
		<key>C4AFECA7B69B48A8A6645597</key>
		<dict>
			<key>buildActionMask</key>
			<string>2147483647</string>
			<key>files</key>
			<array/>
			<key>inputPaths</key>
			<array/>
			<key>isa</key>
			<string>PBXShellScriptBuildPhase</string>
			<key>name</key>
			<string>Copy Pods Resources</string>
			<key>outputPaths</key>
			<array/>
			<key>runOnlyForDeploymentPostprocessing</key>
			<string>0</string>
			<key>shellPath</key>
			<string>/bin/sh</string>
			<key>shellScript</key>
			<string>"${SRCROOT}/Pods/Pods-resources.sh"
</string>
			<key>showEnvVarsInLog</key>
			<string>1</string>
		</dict>
		<key>E7A3E925498048118D78EC24</key>
		<dict>
			<key>buildActionMask</key>
			<string>2147483647</string>
			<key>files</key>
			<array/>
			<key>inputPaths</key>
			<array/>
			<key>isa</key>
			<string>PBXShellScriptBuildPhase</string>
			<key>name</key>
			<string>Copy Pods Resources</string>
			<key>outputPaths</key>
			<array/>
			<key>runOnlyForDeploymentPostprocessing</key>
			<string>0</string>
			<key>shellPath</key>
			<string>/bin/sh</string>
			<key>shellScript</key>
			<string>"${SRCROOT}/Pods/Pods-resources.sh"
</string>
		</dict>
		<key>EA092D7D16CADBA000B3F7D8</key>
		<dict>
			<key>children</key>
			<array>
				<string>EA092D7E16CADBAD00B3F7D8</string>
				<string>EA092D7F16CADBAD00B3F7D8</string>
			</array>
			<key>isa</key>
			<string>PBXGroup</string>
			<key>path</key>
			<string>TwitterTweet</string>
			<key>sourceTree</key>
			<string>&lt;group&gt;</string>
		</dict>
		<key>EA092D7E16CADBAD00B3F7D8</key>
		<dict>
			<key>fileEncoding</key>
			<string>4</string>
			<key>isa</key>
			<string>PBXFileReference</string>
			<key>lastKnownFileType</key>
			<string>sourcecode.c.h</string>
			<key>path</key>
			<string>TwitterTweet.h</string>
			<key>sourceTree</key>
			<string>&lt;group&gt;</string>
		</dict>
		<key>EA092D7F16CADBAD00B3F7D8</key>
		<dict>
			<key>fileEncoding</key>
			<string>4</string>
			<key>isa</key>
			<string>PBXFileReference</string>
			<key>lastKnownFileType</key>
			<string>sourcecode.c.objc</string>
			<key>path</key>
			<string>TwitterTweet.m</string>
			<key>sourceTree</key>
			<string>&lt;group&gt;</string>
		</dict>
		<key>EA092D8016CADBAD00B3F7D8</key>
		<dict>
			<key>fileRef</key>
			<string>EA092D7F16CADBAD00B3F7D8</string>
			<key>isa</key>
			<string>PBXBuildFile</string>
		</dict>
		<key>EA092D8116CADC3200B3F7D8</key>
		<dict>
			<key>children</key>
			<array>
				<string>EA092D8216CADC4100B3F7D8</string>
				<string>EA092D8316CADC4100B3F7D8</string>
			</array>
			<key>isa</key>
			<string>PBXGroup</string>
			<key>path</key>
			<string>DXTwitterTweetMapper</string>
			<key>sourceTree</key>
			<string>&lt;group&gt;</string>
		</dict>
		<key>EA092D8216CADC4100B3F7D8</key>
		<dict>
			<key>fileEncoding</key>
			<string>4</string>
			<key>isa</key>
			<string>PBXFileReference</string>
			<key>lastKnownFileType</key>
			<string>sourcecode.c.h</string>
			<key>path</key>
			<string>DXTwitterTweetMapper.h</string>
			<key>sourceTree</key>
			<string>&lt;group&gt;</string>
		</dict>
		<key>EA092D8316CADC4100B3F7D8</key>
		<dict>
			<key>fileEncoding</key>
			<string>4</string>
			<key>isa</key>
			<string>PBXFileReference</string>
			<key>lastKnownFileType</key>
			<string>sourcecode.c.objc</string>
			<key>path</key>
			<string>DXTwitterTweetMapper.m</string>
			<key>sourceTree</key>
			<string>&lt;group&gt;</string>
		</dict>
		<key>EA092D8416CADC4100B3F7D8</key>
		<dict>
			<key>fileRef</key>
			<string>EA092D8316CADC4100B3F7D8</string>
			<key>isa</key>
			<string>PBXBuildFile</string>
		</dict>
		<key>EA3440E216C84D3A00259740</key>
		<dict>
			<key>children</key>
			<array>
				<string>EA3440E316C84D5000259740</string>
				<string>EA3440E416C84D5000259740</string>
			</array>
			<key>isa</key>
			<string>PBXGroup</string>
			<key>path</key>
			<string>DXSocialPostsParser</string>
			<key>sourceTree</key>
			<string>&lt;group&gt;</string>
		</dict>
		<key>EA3440E316C84D5000259740</key>
		<dict>
			<key>fileEncoding</key>
			<string>4</string>
			<key>isa</key>
			<string>PBXFileReference</string>
			<key>lastKnownFileType</key>
			<string>sourcecode.c.h</string>
			<key>path</key>
			<string>DXSocialPostsParser.h</string>
			<key>sourceTree</key>
			<string>&lt;group&gt;</string>
		</dict>
		<key>EA3440E416C84D5000259740</key>
		<dict>
			<key>fileEncoding</key>
			<string>4</string>
			<key>isa</key>
			<string>PBXFileReference</string>
			<key>lastKnownFileType</key>
			<string>sourcecode.c.objc</string>
			<key>path</key>
			<string>DXSocialPostsParser.m</string>
			<key>sourceTree</key>
			<string>&lt;group&gt;</string>
		</dict>
		<key>EA3440E516C84D5000259740</key>
		<dict>
			<key>fileRef</key>
			<string>EA3440E416C84D5000259740</string>
			<key>isa</key>
			<string>PBXBuildFile</string>
		</dict>
		<key>EA3B6F0216CB7EC400C0E5FF</key>
		<dict>
			<key>children</key>
			<array>
				<string>EA3B6F0316CB805300C0E5FF</string>
				<string>EA3B6F0416CB805300C0E5FF</string>
			</array>
			<key>isa</key>
			<string>PBXGroup</string>
			<key>path</key>
			<string>WeiboTweet</string>
			<key>sourceTree</key>
			<string>&lt;group&gt;</string>
		</dict>
		<key>EA3B6F0316CB805300C0E5FF</key>
		<dict>
			<key>fileEncoding</key>
			<string>4</string>
			<key>isa</key>
			<string>PBXFileReference</string>
			<key>lastKnownFileType</key>
			<string>sourcecode.c.h</string>
			<key>path</key>
			<string>WeiboTweet.h</string>
			<key>sourceTree</key>
			<string>&lt;group&gt;</string>
		</dict>
		<key>EA3B6F0416CB805300C0E5FF</key>
		<dict>
			<key>fileEncoding</key>
			<string>4</string>
			<key>isa</key>
			<string>PBXFileReference</string>
			<key>lastKnownFileType</key>
			<string>sourcecode.c.objc</string>
			<key>path</key>
			<string>WeiboTweet.m</string>
			<key>sourceTree</key>
			<string>&lt;group&gt;</string>
		</dict>
		<key>EA3B6F0516CB805300C0E5FF</key>
		<dict>
			<key>fileRef</key>
			<string>EA3B6F0416CB805300C0E5FF</string>
			<key>isa</key>
			<string>PBXBuildFile</string>
		</dict>
		<key>EA3B6F0616CB813600C0E5FF</key>
		<dict>
			<key>children</key>
			<array>
				<string>EA3B6F0716CB814600C0E5FF</string>
				<string>EA3B6F0816CB814600C0E5FF</string>
			</array>
			<key>isa</key>
			<string>PBXGroup</string>
			<key>path</key>
			<string>DXWeiboTweetMapper</string>
			<key>sourceTree</key>
			<string>&lt;group&gt;</string>
		</dict>
		<key>EA3B6F0716CB814600C0E5FF</key>
		<dict>
			<key>fileEncoding</key>
			<string>4</string>
			<key>isa</key>
			<string>PBXFileReference</string>
			<key>lastKnownFileType</key>
			<string>sourcecode.c.h</string>
			<key>path</key>
			<string>DXWeiboTweetMapper.h</string>
			<key>sourceTree</key>
			<string>&lt;group&gt;</string>
		</dict>
		<key>EA3B6F0816CB814600C0E5FF</key>
		<dict>
			<key>fileEncoding</key>
			<string>4</string>
			<key>isa</key>
			<string>PBXFileReference</string>
			<key>lastKnownFileType</key>
			<string>sourcecode.c.objc</string>
			<key>path</key>
			<string>DXWeiboTweetMapper.m</string>
			<key>sourceTree</key>
			<string>&lt;group&gt;</string>
		</dict>
		<key>EA3B6F0916CB814600C0E5FF</key>
		<dict>
			<key>fileRef</key>
			<string>EA3B6F0816CB814600C0E5FF</string>
			<key>isa</key>
			<string>PBXBuildFile</string>
		</dict>
		<key>EA4CCE2516C93676008D4524</key>
		<dict>
			<key>children</key>
			<array>
				<string>EA4CCE2616C93676008D4524</string>
			</array>
			<key>isa</key>
			<string>PBXGroup</string>
			<key>path</key>
			<string>Storages</string>
			<key>sourceTree</key>
			<string>&lt;group&gt;</string>
		</dict>
		<key>EA4CCE2616C93676008D4524</key>
		<dict>
			<key>children</key>
			<array>
				<string>EA4CCE2716C9368A008D4524</string>
				<string>EA4CCE2816C9368A008D4524</string>
			</array>
			<key>isa</key>
			<string>PBXGroup</string>
			<key>path</key>
			<string>DXCacheStorage</string>
			<key>sourceTree</key>
			<string>&lt;group&gt;</string>
		</dict>
		<key>EA4CCE2716C9368A008D4524</key>
		<dict>
			<key>fileEncoding</key>
			<string>4</string>
			<key>isa</key>
			<string>PBXFileReference</string>
			<key>lastKnownFileType</key>
			<string>sourcecode.c.h</string>
			<key>path</key>
			<string>DXCacheStorage.h</string>
			<key>sourceTree</key>
			<string>&lt;group&gt;</string>
		</dict>
		<key>EA4CCE2816C9368A008D4524</key>
		<dict>
			<key>fileEncoding</key>
			<string>4</string>
			<key>isa</key>
			<string>PBXFileReference</string>
			<key>lastKnownFileType</key>
			<string>sourcecode.c.objc</string>
			<key>path</key>
			<string>DXCacheStorage.m</string>
			<key>sourceTree</key>
			<string>&lt;group&gt;</string>
		</dict>
		<key>EA4CCE2916C9368A008D4524</key>
		<dict>
			<key>fileRef</key>
			<string>EA4CCE2816C9368A008D4524</string>
			<key>isa</key>
			<string>PBXBuildFile</string>
		</dict>
		<key>EA4CCE2A16C9370D008D4524</key>
		<dict>
			<key>children</key>
			<array>
				<string>EA4CCE2B16C93722008D4524</string>
				<string>EA4CCE2C16C93722008D4524</string>
			</array>
			<key>isa</key>
			<string>PBXGroup</string>
			<key>path</key>
			<string>Downloader</string>
			<key>sourceTree</key>
			<string>&lt;group&gt;</string>
		</dict>
		<key>EA4CCE2B16C93722008D4524</key>
		<dict>
			<key>fileEncoding</key>
			<string>4</string>
			<key>isa</key>
			<string>PBXFileReference</string>
			<key>lastKnownFileType</key>
			<string>sourcecode.c.h</string>
			<key>path</key>
			<string>DXDownloader.h</string>
			<key>sourceTree</key>
			<string>&lt;group&gt;</string>
		</dict>
		<key>EA4CCE2C16C93722008D4524</key>
		<dict>
			<key>fileEncoding</key>
			<string>4</string>
			<key>isa</key>
			<string>PBXFileReference</string>
			<key>lastKnownFileType</key>
			<string>sourcecode.c.objc</string>
			<key>path</key>
			<string>DXDownloader.m</string>
			<key>sourceTree</key>
			<string>&lt;group&gt;</string>
		</dict>
		<key>EA4CCE2D16C93722008D4524</key>
		<dict>
			<key>fileRef</key>
			<string>EA4CCE2C16C93722008D4524</string>
			<key>isa</key>
			<string>PBXBuildFile</string>
		</dict>
		<key>EA74F6DD16C7EE5A006D073E</key>
		<dict>
			<key>children</key>
			<array>
				<string>EA3B6F0616CB813600C0E5FF</string>
				<string>EA092D8116CADC3200B3F7D8</string>
				<string>EA74F6DE16C7EE6A006D073E</string>
			</array>
			<key>isa</key>
			<string>PBXGroup</string>
			<key>path</key>
			<string>Mappers</string>
			<key>sourceTree</key>
			<string>&lt;group&gt;</string>
		</dict>
		<key>EA74F6DE16C7EE6A006D073E</key>
		<dict>
			<key>children</key>
			<array>
				<string>EA74F6DF16C7EE73006D073E</string>
				<string>EA74F6E016C7EE73006D073E</string>
			</array>
			<key>isa</key>
			<string>PBXGroup</string>
			<key>path</key>
			<string>DXFacebookPostsMapper</string>
			<key>sourceTree</key>
			<string>&lt;group&gt;</string>
		</dict>
		<key>EA74F6DF16C7EE73006D073E</key>
		<dict>
			<key>fileEncoding</key>
			<string>4</string>
			<key>isa</key>
			<string>PBXFileReference</string>
			<key>lastKnownFileType</key>
			<string>sourcecode.c.h</string>
			<key>path</key>
			<string>DXFacebookPostsMapper.h</string>
			<key>sourceTree</key>
			<string>&lt;group&gt;</string>
		</dict>
		<key>EA74F6E016C7EE73006D073E</key>
		<dict>
			<key>fileEncoding</key>
			<string>4</string>
			<key>isa</key>
			<string>PBXFileReference</string>
			<key>lastKnownFileType</key>
			<string>sourcecode.c.objc</string>
			<key>path</key>
			<string>DXFacebookPostsMapper.m</string>
			<key>sourceTree</key>
			<string>&lt;group&gt;</string>
		</dict>
		<key>EA74F6E116C7EE73006D073E</key>
		<dict>
			<key>fileRef</key>
			<string>EA74F6E016C7EE73006D073E</string>
			<key>isa</key>
			<string>PBXBuildFile</string>
		</dict>
		<key>EA74F6E216C800E1006D073E</key>
		<dict>
			<key>children</key>
			<array>
				<string>EA74F6E316C800E9006D073E</string>
			</array>
			<key>isa</key>
			<string>PBXGroup</string>
			<key>path</key>
			<string>Categories</string>
			<key>sourceTree</key>
			<string>&lt;group&gt;</string>
		</dict>
		<key>EA74F6E316C800E9006D073E</key>
		<dict>
			<key>children</key>
			<array>
				<string>EA74F6E416C800FB006D073E</string>
				<string>EA74F6E516C800FB006D073E</string>
			</array>
			<key>isa</key>
			<string>PBXGroup</string>
			<key>path</key>
			<string>NSString</string>
			<key>sourceTree</key>
			<string>&lt;group&gt;</string>
		</dict>
		<key>EA74F6E416C800FB006D073E</key>
		<dict>
			<key>fileEncoding</key>
			<string>4</string>
			<key>isa</key>
			<string>PBXFileReference</string>
			<key>lastKnownFileType</key>
			<string>sourcecode.c.h</string>
			<key>path</key>
			<string>NSString+RegularExpression.h</string>
			<key>sourceTree</key>
			<string>&lt;group&gt;</string>
		</dict>
		<key>EA74F6E516C800FB006D073E</key>
		<dict>
			<key>fileEncoding</key>
			<string>4</string>
			<key>isa</key>
			<string>PBXFileReference</string>
			<key>lastKnownFileType</key>
			<string>sourcecode.c.objc</string>
			<key>path</key>
			<string>NSString+RegularExpression.m</string>
			<key>sourceTree</key>
			<string>&lt;group&gt;</string>
		</dict>
		<key>EA74F6E616C800FB006D073E</key>
		<dict>
			<key>fileRef</key>
			<string>EA74F6E516C800FB006D073E</string>
			<key>isa</key>
			<string>PBXBuildFile</string>
		</dict>
		<key>EAC11EF916B8F6160031CC88</key>
		<dict>
			<key>children</key>
			<array>
				<string>EAC11F0716B8F6160031CC88</string>
				<string>EAC11F1C16B8F6160031CC88</string>
				<string>EAC11F0416B8F6160031CC88</string>
				<string>EAC11F0316B8F6160031CC88</string>
				<string>AFA283F1A7F44CD4A8A48C90</string>
				<string>07C1A945B2B640058762E475</string>
				<string>74E116B3A6D049FDACE68D27</string>
				<string>8FC5768EF6474E2D88C61609</string>
				<string>270217D41F8E466A890F68C6</string>
				<string>7412ED535D694AF2AA2F33D5</string>
			</array>
			<key>isa</key>
			<string>PBXGroup</string>
			<key>sourceTree</key>
			<string>&lt;group&gt;</string>
		</dict>
		<key>EAC11EFA16B8F6160031CC88</key>
		<dict>
			<key>attributes</key>
			<dict>
				<key>LastUpgradeCheck</key>
				<string>0460</string>
				<key>ORGANIZATIONNAME</key>
				<string>TheSooth</string>
			</dict>
			<key>buildConfigurationList</key>
			<string>EAC11EFD16B8F6160031CC88</string>
			<key>compatibilityVersion</key>
			<string>Xcode 3.2</string>
			<key>developmentRegion</key>
			<string>English</string>
			<key>hasScannedForEncodings</key>
			<string>0</string>
			<key>isa</key>
			<string>PBXProject</string>
			<key>knownRegions</key>
			<array>
				<string>en</string>
			</array>
			<key>mainGroup</key>
			<string>EAC11EF916B8F6160031CC88</string>
			<key>productRefGroup</key>
			<string>EAC11F0316B8F6160031CC88</string>
			<key>projectDirPath</key>
			<string></string>
			<key>projectReferences</key>
			<array/>
			<key>projectRoot</key>
			<string></string>
			<key>targets</key>
			<array>
				<string>EAC11F0116B8F6160031CC88</string>
				<string>EAC11F1216B8F6160031CC88</string>
			</array>
		</dict>
		<key>EAC11EFD16B8F6160031CC88</key>
		<dict>
			<key>buildConfigurations</key>
			<array>
				<string>EAC11F2516B8F6160031CC88</string>
				<string>EAC11F2616B8F6160031CC88</string>
			</array>
			<key>defaultConfigurationIsVisible</key>
			<string>0</string>
			<key>defaultConfigurationName</key>
			<string>Release</string>
			<key>isa</key>
			<string>XCConfigurationList</string>
		</dict>
		<key>EAC11EFE16B8F6160031CC88</key>
		<dict>
			<key>buildActionMask</key>
			<string>2147483647</string>
			<key>files</key>
			<array>
				<string>EAC11F0D16B8F6160031CC88</string>
				<string>EAC11F3916B8F6B40031CC88</string>
				<string>EAC11F3A16B8F6B40031CC88</string>
				<string>EAC11F4016B8FD850031CC88</string>
				<string>EAC11F4816B906FB0031CC88</string>
				<string>EAE12D2016C7ED55008C6658</string>
				<string>EA74F6E116C7EE73006D073E</string>
				<string>EA74F6E616C800FB006D073E</string>
				<string>EA3440E516C84D5000259740</string>
				<string>EA4CCE2916C9368A008D4524</string>
				<string>EA4CCE2D16C93722008D4524</string>
				<string>EA092D8016CADBAD00B3F7D8</string>
				<string>EA092D8416CADC4100B3F7D8</string>
				<string>EA3B6F0516CB805300C0E5FF</string>
				<string>EA3B6F0916CB814600C0E5FF</string>
				<string>EAED59C616CEE03200237AA0</string>
			</array>
			<key>isa</key>
			<string>PBXSourcesBuildPhase</string>
			<key>runOnlyForDeploymentPostprocessing</key>
			<string>0</string>
		</dict>
		<key>EAC11EFF16B8F6160031CC88</key>
		<dict>
			<key>buildActionMask</key>
			<string>2147483647</string>
			<key>files</key>
			<array>
				<string>EAC11F0616B8F6160031CC88</string>
				<string>2C2626151DF0435EB01520C7</string>
			</array>
			<key>isa</key>
			<string>PBXFrameworksBuildPhase</string>
			<key>runOnlyForDeploymentPostprocessing</key>
			<string>0</string>
		</dict>
		<key>EAC11F0016B8F6160031CC88</key>
		<dict>
			<key>buildActionMask</key>
			<string>2147483647</string>
			<key>dstPath</key>
			<string>include/${PRODUCT_NAME}</string>
			<key>dstSubfolderSpec</key>
			<string>16</string>
			<key>files</key>
			<array>
				<string>EAC11F0B16B8F6160031CC88</string>
			</array>
			<key>isa</key>
			<string>PBXCopyFilesBuildPhase</string>
			<key>runOnlyForDeploymentPostprocessing</key>
			<string>0</string>
		</dict>
		<key>EAC11F0116B8F6160031CC88</key>
		<dict>
			<key>buildConfigurationList</key>
			<string>EAC11F2716B8F6160031CC88</string>
			<key>buildPhases</key>
			<array>
				<string>EAC11EFE16B8F6160031CC88</string>
				<string>EAC11EFF16B8F6160031CC88</string>
				<string>EAC11F0016B8F6160031CC88</string>
				<string>1F043DB33F454051B33E1072</string>
				<string>10C7BAE862E94E69A522B176</string>
				<string>F5B9DA8C9EA2476C91C2565E</string>
				<string>E7A3E925498048118D78EC24</string>
				<string>58D89F64B7794F04A69C974A</string>
				<string>3EB943D6CF5F4B55BB2E6618</string>
				<string>C4AFECA7B69B48A8A6645597</string>
			</array>
			<key>buildRules</key>
			<array/>
			<key>dependencies</key>
			<array/>
			<key>isa</key>
			<string>PBXNativeTarget</string>
			<key>name</key>
			<string>DXSocialPosts</string>
			<key>productName</key>
			<string>DXSocialPosts</string>
			<key>productReference</key>
			<string>EAC11F0216B8F6160031CC88</string>
			<key>productType</key>
			<string>com.apple.product-type.library.static</string>
		</dict>
		<key>EAC11F0216B8F6160031CC88</key>
		<dict>
			<key>explicitFileType</key>
			<string>archive.ar</string>
			<key>includeInIndex</key>
			<string>0</string>
			<key>isa</key>
			<string>PBXFileReference</string>
			<key>path</key>
			<string>libDXSocialPosts.a</string>
			<key>sourceTree</key>
			<string>BUILT_PRODUCTS_DIR</string>
		</dict>
		<key>EAC11F0316B8F6160031CC88</key>
		<dict>
			<key>children</key>
			<array>
				<string>EAC11F0216B8F6160031CC88</string>
				<string>EAC11F1316B8F6160031CC88</string>
			</array>
			<key>isa</key>
			<string>PBXGroup</string>
			<key>name</key>
			<string>Products</string>
			<key>sourceTree</key>
			<string>&lt;group&gt;</string>
		</dict>
		<key>EAC11F0416B8F6160031CC88</key>
		<dict>
			<key>children</key>
			<array>
				<string>EAC11F0516B8F6160031CC88</string>
				<string>EAC11F1416B8F6160031CC88</string>
				<string>EAC11F1616B8F6160031CC88</string>
				<string>1669AFA3EE7D48348F066A2B</string>
				<string>9C5B24CC8D9F41609775017D</string>
			</array>
			<key>isa</key>
			<string>PBXGroup</string>
			<key>name</key>
			<string>Frameworks</string>
			<key>sourceTree</key>
			<string>&lt;group&gt;</string>
		</dict>
		<key>EAC11F0516B8F6160031CC88</key>
		<dict>
			<key>isa</key>
			<string>PBXFileReference</string>
			<key>lastKnownFileType</key>
			<string>wrapper.framework</string>
			<key>name</key>
			<string>Foundation.framework</string>
			<key>path</key>
			<string>System/Library/Frameworks/Foundation.framework</string>
			<key>sourceTree</key>
			<string>SDKROOT</string>
		</dict>
		<key>EAC11F0616B8F6160031CC88</key>
		<dict>
			<key>fileRef</key>
			<string>EAC11F0516B8F6160031CC88</string>
			<key>isa</key>
			<string>PBXBuildFile</string>
		</dict>
		<key>EAC11F0716B8F6160031CC88</key>
		<dict>
			<key>children</key>
			<array>
				<string>EAC11F3116B8F6B40031CC88</string>
				<string>EAC11F3416B8F6B40031CC88</string>
				<string>EAC11F0A16B8F6160031CC88</string>
				<string>EAC11F0C16B8F6160031CC88</string>
				<string>EAC11F0816B8F6160031CC88</string>
			</array>
			<key>isa</key>
			<string>PBXGroup</string>
			<key>path</key>
			<string>DXSocialPosts</string>
			<key>sourceTree</key>
			<string>&lt;group&gt;</string>
		</dict>
		<key>EAC11F0816B8F6160031CC88</key>
		<dict>
			<key>children</key>
			<array>
				<string>EAC11F0916B8F6160031CC88</string>
			</array>
			<key>isa</key>
			<string>PBXGroup</string>
			<key>name</key>
			<string>Supporting Files</string>
			<key>sourceTree</key>
			<string>&lt;group&gt;</string>
		</dict>
		<key>EAC11F0916B8F6160031CC88</key>
		<dict>
			<key>isa</key>
			<string>PBXFileReference</string>
			<key>lastKnownFileType</key>
			<string>sourcecode.c.h</string>
			<key>path</key>
			<string>DXSocialPosts-Prefix.pch</string>
			<key>sourceTree</key>
			<string>&lt;group&gt;</string>
		</dict>
		<key>EAC11F0A16B8F6160031CC88</key>
		<dict>
			<key>isa</key>
			<string>PBXFileReference</string>
			<key>lastKnownFileType</key>
			<string>sourcecode.c.h</string>
			<key>path</key>
			<string>DXSocialPosts.h</string>
			<key>sourceTree</key>
			<string>&lt;group&gt;</string>
		</dict>
		<key>EAC11F0B16B8F6160031CC88</key>
		<dict>
			<key>fileRef</key>
			<string>EAC11F0A16B8F6160031CC88</string>
			<key>isa</key>
			<string>PBXBuildFile</string>
		</dict>
		<key>EAC11F0C16B8F6160031CC88</key>
		<dict>
			<key>isa</key>
			<string>PBXFileReference</string>
			<key>lastKnownFileType</key>
			<string>sourcecode.c.objc</string>
			<key>path</key>
			<string>DXSocialPosts.m</string>
			<key>sourceTree</key>
			<string>&lt;group&gt;</string>
		</dict>
		<key>EAC11F0D16B8F6160031CC88</key>
		<dict>
			<key>fileRef</key>
			<string>EAC11F0C16B8F6160031CC88</string>
			<key>isa</key>
			<string>PBXBuildFile</string>
		</dict>
		<key>EAC11F0E16B8F6160031CC88</key>
		<dict>
			<key>buildActionMask</key>
			<string>2147483647</string>
			<key>files</key>
			<array>
				<string>EAC11F2F16B8F68C0031CC88</string>
				<string>EAC11F4316B902660031CC88</string>
				<string>EAC11F4B16B90ACA0031CC88</string>
			</array>
			<key>isa</key>
			<string>PBXSourcesBuildPhase</string>
			<key>runOnlyForDeploymentPostprocessing</key>
			<string>0</string>
		</dict>
		<key>EAC11F0F16B8F6160031CC88</key>
		<dict>
			<key>buildActionMask</key>
			<string>2147483647</string>
			<key>files</key>
			<array>
				<string>EAC11F1516B8F6160031CC88</string>
				<string>EAC11F1716B8F6160031CC88</string>
				<string>EAC11F1816B8F6160031CC88</string>
				<string>EAC11F1B16B8F6160031CC88</string>
				<string>4A78B401524A411BB644554C</string>
			</array>
			<key>isa</key>
			<string>PBXFrameworksBuildPhase</string>
			<key>runOnlyForDeploymentPostprocessing</key>
			<string>0</string>
		</dict>
		<key>EAC11F1016B8F6160031CC88</key>
		<dict>
			<key>buildActionMask</key>
			<string>2147483647</string>
			<key>files</key>
			<array>
				<string>EAC11F2116B8F6160031CC88</string>
			</array>
			<key>isa</key>
			<string>PBXResourcesBuildPhase</string>
			<key>runOnlyForDeploymentPostprocessing</key>
			<string>0</string>
		</dict>
		<key>EAC11F1116B8F6160031CC88</key>
		<dict>
			<key>buildActionMask</key>
			<string>2147483647</string>
			<key>files</key>
			<array/>
			<key>inputPaths</key>
			<array/>
			<key>isa</key>
			<string>PBXShellScriptBuildPhase</string>
			<key>outputPaths</key>
			<array/>
			<key>runOnlyForDeploymentPostprocessing</key>
			<string>0</string>
			<key>shellPath</key>
			<string>/bin/sh</string>
			<key>shellScript</key>
			<string># Run the unit tests in this test bundle.
"${SYSTEM_DEVELOPER_DIR}/Tools/RunUnitTests"
</string>
		</dict>
		<key>EAC11F1216B8F6160031CC88</key>
		<dict>
			<key>buildConfigurationList</key>
			<string>EAC11F2A16B8F6160031CC88</string>
			<key>buildPhases</key>
			<array>
				<string>EAC11F0E16B8F6160031CC88</string>
				<string>EAC11F0F16B8F6160031CC88</string>
				<string>EAC11F1016B8F6160031CC88</string>
				<string>EAC11F1116B8F6160031CC88</string>
				<string>7BD19860DC624635B2E61BEA</string>
			</array>
			<key>buildRules</key>
			<array/>
			<key>dependencies</key>
			<array>
				<string>EAC11F1A16B8F6160031CC88</string>
			</array>
			<key>isa</key>
			<string>PBXNativeTarget</string>
			<key>name</key>
			<string>DXSocialPostsTests</string>
			<key>productName</key>
			<string>DXSocialPostsTests</string>
			<key>productReference</key>
			<string>EAC11F1316B8F6160031CC88</string>
			<key>productType</key>
			<string>com.apple.product-type.bundle</string>
		</dict>
		<key>EAC11F1316B8F6160031CC88</key>
		<dict>
			<key>explicitFileType</key>
			<string>wrapper.cfbundle</string>
			<key>includeInIndex</key>
			<string>0</string>
			<key>isa</key>
			<string>PBXFileReference</string>
			<key>path</key>
			<string>DXSocialPostsTests.octest</string>
			<key>sourceTree</key>
			<string>BUILT_PRODUCTS_DIR</string>
		</dict>
		<key>EAC11F1416B8F6160031CC88</key>
		<dict>
			<key>isa</key>
			<string>PBXFileReference</string>
			<key>lastKnownFileType</key>
			<string>wrapper.framework</string>
			<key>name</key>
			<string>SenTestingKit.framework</string>
			<key>path</key>
			<string>Library/Frameworks/SenTestingKit.framework</string>
			<key>sourceTree</key>
			<string>DEVELOPER_DIR</string>
		</dict>
		<key>EAC11F1516B8F6160031CC88</key>
		<dict>
			<key>fileRef</key>
			<string>EAC11F1416B8F6160031CC88</string>
			<key>isa</key>
			<string>PBXBuildFile</string>
		</dict>
		<key>EAC11F1616B8F6160031CC88</key>
		<dict>
			<key>isa</key>
			<string>PBXFileReference</string>
			<key>lastKnownFileType</key>
			<string>wrapper.framework</string>
			<key>name</key>
			<string>UIKit.framework</string>
			<key>path</key>
			<string>Library/Frameworks/UIKit.framework</string>
			<key>sourceTree</key>
			<string>DEVELOPER_DIR</string>
		</dict>
		<key>EAC11F1716B8F6160031CC88</key>
		<dict>
			<key>fileRef</key>
			<string>EAC11F1616B8F6160031CC88</string>
			<key>isa</key>
			<string>PBXBuildFile</string>
		</dict>
		<key>EAC11F1816B8F6160031CC88</key>
		<dict>
			<key>fileRef</key>
			<string>EAC11F0516B8F6160031CC88</string>
			<key>isa</key>
			<string>PBXBuildFile</string>
		</dict>
		<key>EAC11F1916B8F6160031CC88</key>
		<dict>
			<key>containerPortal</key>
			<string>EAC11EFA16B8F6160031CC88</string>
			<key>isa</key>
			<string>PBXContainerItemProxy</string>
			<key>proxyType</key>
			<string>1</string>
			<key>remoteGlobalIDString</key>
			<string>EAC11F0116B8F6160031CC88</string>
			<key>remoteInfo</key>
			<string>DXSocialPosts</string>
		</dict>
		<key>EAC11F1A16B8F6160031CC88</key>
		<dict>
			<key>isa</key>
			<string>PBXTargetDependency</string>
			<key>target</key>
			<string>EAC11F0116B8F6160031CC88</string>
			<key>targetProxy</key>
			<string>EAC11F1916B8F6160031CC88</string>
		</dict>
		<key>EAC11F1B16B8F6160031CC88</key>
		<dict>
			<key>fileRef</key>
			<string>EAC11F0216B8F6160031CC88</string>
			<key>isa</key>
			<string>PBXBuildFile</string>
		</dict>
		<key>EAC11F1C16B8F6160031CC88</key>
		<dict>
			<key>children</key>
			<array>
				<string>EAC11F2D16B8F68C0031CC88</string>
				<string>EAC11F1D16B8F6160031CC88</string>
			</array>
			<key>isa</key>
			<string>PBXGroup</string>
			<key>path</key>
			<string>DXSocialPostsTests</string>
			<key>sourceTree</key>
			<string>&lt;group&gt;</string>
		</dict>
		<key>EAC11F1D16B8F6160031CC88</key>
		<dict>
			<key>children</key>
			<array>
				<string>EAC11F1E16B8F6160031CC88</string>
				<string>EAC11F1F16B8F6160031CC88</string>
				<string>EAC11F4416B903A00031CC88</string>
			</array>
			<key>isa</key>
			<string>PBXGroup</string>
			<key>name</key>
			<string>Supporting Files</string>
			<key>sourceTree</key>
			<string>&lt;group&gt;</string>
		</dict>
		<key>EAC11F1E16B8F6160031CC88</key>
		<dict>
			<key>isa</key>
			<string>PBXFileReference</string>
			<key>lastKnownFileType</key>
			<string>text.plist.xml</string>
			<key>path</key>
			<string>DXSocialPostsTests-Info.plist</string>
			<key>sourceTree</key>
			<string>&lt;group&gt;</string>
		</dict>
		<key>EAC11F1F16B8F6160031CC88</key>
		<dict>
			<key>children</key>
			<array>
				<string>EAC11F2016B8F6160031CC88</string>
			</array>
			<key>isa</key>
			<string>PBXVariantGroup</string>
			<key>name</key>
			<string>InfoPlist.strings</string>
			<key>sourceTree</key>
			<string>&lt;group&gt;</string>
		</dict>
		<key>EAC11F2016B8F6160031CC88</key>
		<dict>
			<key>isa</key>
			<string>PBXFileReference</string>
			<key>lastKnownFileType</key>
			<string>text.plist.strings</string>
			<key>name</key>
			<string>en</string>
			<key>path</key>
			<string>en.lproj/InfoPlist.strings</string>
			<key>sourceTree</key>
			<string>&lt;group&gt;</string>
		</dict>
		<key>EAC11F2116B8F6160031CC88</key>
		<dict>
			<key>fileRef</key>
			<string>EAC11F1F16B8F6160031CC88</string>
			<key>isa</key>
			<string>PBXBuildFile</string>
		</dict>
		<key>EAC11F2516B8F6160031CC88</key>
		<dict>
			<key>buildSettings</key>
			<dict>
				<key>ALWAYS_SEARCH_USER_PATHS</key>
				<string>NO</string>
				<key>CLANG_CXX_LANGUAGE_STANDARD</key>
				<string>gnu++0x</string>
				<key>CLANG_CXX_LIBRARY</key>
				<string>libc++</string>
				<key>CLANG_ENABLE_OBJC_ARC</key>
				<string>YES</string>
				<key>CLANG_WARN_CONSTANT_CONVERSION</key>
				<string>YES</string>
				<key>CLANG_WARN_EMPTY_BODY</key>
				<string>YES</string>
				<key>CLANG_WARN_ENUM_CONVERSION</key>
				<string>YES</string>
				<key>CLANG_WARN_INT_CONVERSION</key>
				<string>YES</string>
				<key>CLANG_WARN__DUPLICATE_METHOD_MATCH</key>
				<string>YES</string>
				<key>COPY_PHASE_STRIP</key>
				<string>NO</string>
				<key>GCC_C_LANGUAGE_STANDARD</key>
				<string>gnu99</string>
				<key>GCC_DYNAMIC_NO_PIC</key>
				<string>NO</string>
				<key>GCC_OPTIMIZATION_LEVEL</key>
				<string>0</string>
				<key>GCC_PREPROCESSOR_DEFINITIONS</key>
				<array>
					<string>DEBUG=1</string>
					<string>$(inherited)</string>
				</array>
				<key>GCC_SYMBOLS_PRIVATE_EXTERN</key>
				<string>NO</string>
				<key>GCC_WARN_ABOUT_RETURN_TYPE</key>
				<string>YES</string>
				<key>GCC_WARN_UNINITIALIZED_AUTOS</key>
				<string>YES</string>
				<key>GCC_WARN_UNUSED_VARIABLE</key>
				<string>YES</string>
				<key>IPHONEOS_DEPLOYMENT_TARGET</key>
				<string>6.1</string>
				<key>ONLY_ACTIVE_ARCH</key>
				<string>YES</string>
				<key>SDKROOT</key>
				<string>iphoneos</string>
			</dict>
			<key>isa</key>
			<string>XCBuildConfiguration</string>
			<key>name</key>
			<string>Debug</string>
		</dict>
		<key>EAC11F2616B8F6160031CC88</key>
		<dict>
			<key>buildSettings</key>
			<dict>
				<key>ALWAYS_SEARCH_USER_PATHS</key>
				<string>NO</string>
				<key>CLANG_CXX_LANGUAGE_STANDARD</key>
				<string>gnu++0x</string>
				<key>CLANG_CXX_LIBRARY</key>
				<string>libc++</string>
				<key>CLANG_ENABLE_OBJC_ARC</key>
				<string>YES</string>
				<key>CLANG_WARN_CONSTANT_CONVERSION</key>
				<string>YES</string>
				<key>CLANG_WARN_EMPTY_BODY</key>
				<string>YES</string>
				<key>CLANG_WARN_ENUM_CONVERSION</key>
				<string>YES</string>
				<key>CLANG_WARN_INT_CONVERSION</key>
				<string>YES</string>
				<key>CLANG_WARN__DUPLICATE_METHOD_MATCH</key>
				<string>YES</string>
				<key>COPY_PHASE_STRIP</key>
				<string>YES</string>
				<key>GCC_C_LANGUAGE_STANDARD</key>
				<string>gnu99</string>
				<key>GCC_WARN_ABOUT_RETURN_TYPE</key>
				<string>YES</string>
				<key>GCC_WARN_UNINITIALIZED_AUTOS</key>
				<string>YES</string>
				<key>GCC_WARN_UNUSED_VARIABLE</key>
				<string>YES</string>
				<key>IPHONEOS_DEPLOYMENT_TARGET</key>
				<string>6.1</string>
				<key>SDKROOT</key>
				<string>iphoneos</string>
				<key>VALIDATE_PRODUCT</key>
				<string>YES</string>
			</dict>
			<key>isa</key>
			<string>XCBuildConfiguration</string>
			<key>name</key>
			<string>Release</string>
		</dict>
		<key>EAC11F2716B8F6160031CC88</key>
		<dict>
			<key>buildConfigurations</key>
			<array>
				<string>EAC11F2816B8F6160031CC88</string>
				<string>EAC11F2916B8F6160031CC88</string>
			</array>
			<key>defaultConfigurationIsVisible</key>
			<string>0</string>
			<key>defaultConfigurationName</key>
			<string>Release</string>
			<key>isa</key>
			<string>XCConfigurationList</string>
		</dict>
		<key>EAC11F2816B8F6160031CC88</key>
		<dict>
			<key>baseConfigurationReference</key>
			<string>7412ED535D694AF2AA2F33D5</string>
			<key>buildSettings</key>
			<dict>
				<key>DSTROOT</key>
				<string>/tmp/DXSocialPosts.dst</string>
				<key>GCC_PRECOMPILE_PREFIX_HEADER</key>
				<string>YES</string>
				<key>GCC_PREFIX_HEADER</key>
				<string>DXSocialPosts/DXSocialPosts-Prefix.pch</string>
				<key>OTHER_LDFLAGS</key>
				<string>-ObjC</string>
				<key>PRODUCT_NAME</key>
				<string>$(TARGET_NAME)</string>
				<key>SKIP_INSTALL</key>
				<string>YES</string>
			</dict>
			<key>isa</key>
			<string>XCBuildConfiguration</string>
			<key>name</key>
			<string>Debug</string>
		</dict>
		<key>EAC11F2916B8F6160031CC88</key>
		<dict>
			<key>baseConfigurationReference</key>
			<string>7412ED535D694AF2AA2F33D5</string>
			<key>buildSettings</key>
			<dict>
				<key>DSTROOT</key>
				<string>/tmp/DXSocialPosts.dst</string>
				<key>GCC_PRECOMPILE_PREFIX_HEADER</key>
				<string>YES</string>
				<key>GCC_PREFIX_HEADER</key>
				<string>DXSocialPosts/DXSocialPosts-Prefix.pch</string>
				<key>OTHER_LDFLAGS</key>
				<string>-ObjC</string>
				<key>PRODUCT_NAME</key>
				<string>$(TARGET_NAME)</string>
				<key>SKIP_INSTALL</key>
				<string>YES</string>
			</dict>
			<key>isa</key>
			<string>XCBuildConfiguration</string>
			<key>name</key>
			<string>Release</string>
		</dict>
		<key>EAC11F2A16B8F6160031CC88</key>
		<dict>
			<key>buildConfigurations</key>
			<array>
				<string>EAC11F2B16B8F6160031CC88</string>
				<string>EAC11F2C16B8F6160031CC88</string>
			</array>
			<key>defaultConfigurationIsVisible</key>
			<string>0</string>
			<key>defaultConfigurationName</key>
			<string>Release</string>
			<key>isa</key>
			<string>XCConfigurationList</string>
		</dict>
		<key>EAC11F2B16B8F6160031CC88</key>
		<dict>
			<key>baseConfigurationReference</key>
			<string>AFA283F1A7F44CD4A8A48C90</string>
			<key>buildSettings</key>
			<dict>
				<key>FRAMEWORK_SEARCH_PATHS</key>
				<array>
					<string>"$(SDKROOT)/Developer/Library/Frameworks"</string>
					<string>"$(DEVELOPER_LIBRARY_DIR)/Frameworks"</string>
				</array>
				<key>GCC_PRECOMPILE_PREFIX_HEADER</key>
				<string>YES</string>
				<key>GCC_PREFIX_HEADER</key>
				<string>DXSocialPostsTests/DXSocialPostsTests-Prefix.pch</string>
				<key>INFOPLIST_FILE</key>
				<string>DXSocialPostsTests/DXSocialPostsTests-Info.plist</string>
				<key>PRODUCT_NAME</key>
				<string>$(TARGET_NAME)</string>
				<key>WRAPPER_EXTENSION</key>
				<string>octest</string>
			</dict>
			<key>isa</key>
			<string>XCBuildConfiguration</string>
			<key>name</key>
			<string>Debug</string>
		</dict>
		<key>EAC11F2C16B8F6160031CC88</key>
		<dict>
			<key>baseConfigurationReference</key>
			<string>AFA283F1A7F44CD4A8A48C90</string>
			<key>buildSettings</key>
			<dict>
				<key>FRAMEWORK_SEARCH_PATHS</key>
				<array>
					<string>"$(SDKROOT)/Developer/Library/Frameworks"</string>
					<string>"$(DEVELOPER_LIBRARY_DIR)/Frameworks"</string>
				</array>
				<key>GCC_PRECOMPILE_PREFIX_HEADER</key>
				<string>YES</string>
				<key>GCC_PREFIX_HEADER</key>
				<string>DXSocialPostsTests/DXSocialPostsTests-Prefix.pch</string>
				<key>INFOPLIST_FILE</key>
				<string>DXSocialPostsTests/DXSocialPostsTests-Info.plist</string>
				<key>PRODUCT_NAME</key>
				<string>$(TARGET_NAME)</string>
				<key>WRAPPER_EXTENSION</key>
				<string>octest</string>
			</dict>
			<key>isa</key>
			<string>XCBuildConfiguration</string>
			<key>name</key>
			<string>Release</string>
		</dict>
		<key>EAC11F2D16B8F68C0031CC88</key>
		<dict>
			<key>children</key>
			<array>
				<string>EAC11F2E16B8F68C0031CC88</string>
				<string>EAC11F4216B902660031CC88</string>
				<string>EAC11F4A16B90ACA0031CC88</string>
			</array>
			<key>isa</key>
			<string>PBXGroup</string>
			<key>path</key>
			<string>Specs</string>
			<key>sourceTree</key>
			<string>&lt;group&gt;</string>
		</dict>
		<key>EAC11F2E16B8F68C0031CC88</key>
		<dict>
			<key>fileEncoding</key>
			<string>4</string>
			<key>isa</key>
			<string>PBXFileReference</string>
			<key>lastKnownFileType</key>
			<string>sourcecode.c.objc</string>
			<key>path</key>
			<string>DXSocialPostsFacebookFeedSpec.m</string>
			<key>sourceTree</key>
			<string>&lt;group&gt;</string>
		</dict>
		<key>EAC11F2F16B8F68C0031CC88</key>
		<dict>
			<key>fileRef</key>
			<string>EAC11F2E16B8F68C0031CC88</string>
			<key>isa</key>
			<string>PBXBuildFile</string>
		</dict>
		<key>EAC11F3116B8F6B40031CC88</key>
		<dict>
			<key>children</key>
			<array>
				<string>EAC11F3216B8F6B40031CC88</string>
				<string>EAC11F3316B8F6B40031CC88</string>
			</array>
			<key>isa</key>
			<string>PBXGroup</string>
			<key>path</key>
			<string>Defines</string>
			<key>sourceTree</key>
			<string>&lt;group&gt;</string>
		</dict>
		<key>EAC11F3216B8F6B40031CC88</key>
		<dict>
			<key>fileEncoding</key>
			<string>4</string>
			<key>isa</key>
			<string>PBXFileReference</string>
			<key>lastKnownFileType</key>
			<string>sourcecode.c.h</string>
			<key>path</key>
			<string>DXDefines.h</string>
			<key>sourceTree</key>
			<string>&lt;group&gt;</string>
		</dict>
		<key>EAC11F3316B8F6B40031CC88</key>
		<dict>
			<key>fileEncoding</key>
			<string>4</string>
			<key>isa</key>
			<string>PBXFileReference</string>
			<key>lastKnownFileType</key>
			<string>sourcecode.c.objc</string>
			<key>path</key>
			<string>DXDefines.m</string>
			<key>sourceTree</key>
			<string>&lt;group&gt;</string>
		</dict>
		<key>EAC11F3416B8F6B40031CC88</key>
		<dict>
			<key>children</key>
			<array>
				<string>EAD31D6216CEF44E0044924E</string>
				<string>EAED59C216CEE01700237AA0</string>
				<string>EA4CCE2A16C9370D008D4524</string>
				<string>EA4CCE2516C93676008D4524</string>
				<string>EA74F6E216C800E1006D073E</string>
				<string>EA74F6DD16C7EE5A006D073E</string>
				<string>EAE12D1416C7ECF0008C6658</string>
				<string>EAD89FCE16B97653005751AA</string>
				<string>EAC11F3516B8F6B40031CC88</string>
			</array>
			<key>isa</key>
			<string>PBXGroup</string>
			<key>path</key>
			<string>Domain</string>
			<key>sourceTree</key>
			<string>&lt;group&gt;</string>
		</dict>
		<key>EAC11F3516B8F6B40031CC88</key>
		<dict>
			<key>children</key>
			<array>
				<string>EAC11F4516B906D80031CC88</string>
				<string>EAC11F3D16B8FD4D0031CC88</string>
				<string>EAC11F3616B8F6B40031CC88</string>
			</array>
			<key>isa</key>
			<string>PBXGroup</string>
			<key>path</key>
			<string>RequestFactories</string>
			<key>sourceTree</key>
			<string>&lt;group&gt;</string>
		</dict>
		<key>EAC11F3616B8F6B40031CC88</key>
		<dict>
			<key>children</key>
			<array>
				<string>EAC11F3716B8F6B40031CC88</string>
				<string>EAC11F3816B8F6B40031CC88</string>
			</array>
			<key>isa</key>
			<string>PBXGroup</string>
			<key>path</key>
			<string>FacebookFeedRequestFactory</string>
			<key>sourceTree</key>
			<string>&lt;group&gt;</string>
		</dict>
		<key>EAC11F3716B8F6B40031CC88</key>
		<dict>
			<key>fileEncoding</key>
			<string>4</string>
			<key>isa</key>
			<string>PBXFileReference</string>
			<key>lastKnownFileType</key>
			<string>sourcecode.c.h</string>
			<key>path</key>
			<string>DXFacebookFeedRequestFactory.h</string>
			<key>sourceTree</key>
			<string>&lt;group&gt;</string>
		</dict>
		<key>EAC11F3816B8F6B40031CC88</key>
		<dict>
			<key>fileEncoding</key>
			<string>4</string>
			<key>isa</key>
			<string>PBXFileReference</string>
			<key>lastKnownFileType</key>
			<string>sourcecode.c.objc</string>
			<key>path</key>
			<string>DXFacebookFeedRequestFactory.m</string>
			<key>sourceTree</key>
			<string>&lt;group&gt;</string>
		</dict>
		<key>EAC11F3916B8F6B40031CC88</key>
		<dict>
			<key>fileRef</key>
			<string>EAC11F3316B8F6B40031CC88</string>
			<key>isa</key>
			<string>PBXBuildFile</string>
		</dict>
		<key>EAC11F3A16B8F6B40031CC88</key>
		<dict>
			<key>fileRef</key>
			<string>EAC11F3816B8F6B40031CC88</string>
			<key>isa</key>
			<string>PBXBuildFile</string>
		</dict>
		<key>EAC11F3D16B8FD4D0031CC88</key>
		<dict>
			<key>children</key>
			<array>
				<string>EAC11F3E16B8FD850031CC88</string>
				<string>EAC11F3F16B8FD850031CC88</string>
			</array>
			<key>isa</key>
			<string>PBXGroup</string>
			<key>path</key>
			<string>TwitterRequestFactory</string>
			<key>sourceTree</key>
			<string>&lt;group&gt;</string>
		</dict>
		<key>EAC11F3E16B8FD850031CC88</key>
		<dict>
			<key>fileEncoding</key>
			<string>4</string>
			<key>isa</key>
			<string>PBXFileReference</string>
			<key>lastKnownFileType</key>
			<string>sourcecode.c.h</string>
			<key>path</key>
			<string>DXTwitterTimelineRequestFactory.h</string>
			<key>sourceTree</key>
			<string>&lt;group&gt;</string>
		</dict>
		<key>EAC11F3F16B8FD850031CC88</key>
		<dict>
			<key>fileEncoding</key>
			<string>4</string>
			<key>isa</key>
			<string>PBXFileReference</string>
			<key>lastKnownFileType</key>
			<string>sourcecode.c.objc</string>
			<key>path</key>
			<string>DXTwitterTimelineRequestFactory.m</string>
			<key>sourceTree</key>
			<string>&lt;group&gt;</string>
		</dict>
		<key>EAC11F4016B8FD850031CC88</key>
		<dict>
			<key>fileRef</key>
			<string>EAC11F3F16B8FD850031CC88</string>
			<key>isa</key>
			<string>PBXBuildFile</string>
		</dict>
		<key>EAC11F4216B902660031CC88</key>
		<dict>
			<key>fileEncoding</key>
			<string>4</string>
			<key>isa</key>
			<string>PBXFileReference</string>
			<key>lastKnownFileType</key>
			<string>sourcecode.c.objc</string>
			<key>path</key>
			<string>DXSocialPostsTwitterTimelineSpec.m</string>
			<key>sourceTree</key>
			<string>&lt;group&gt;</string>
		</dict>
		<key>EAC11F4316B902660031CC88</key>
		<dict>
			<key>fileRef</key>
			<string>EAC11F4216B902660031CC88</string>
			<key>isa</key>
			<string>PBXBuildFile</string>
		</dict>
		<key>EAC11F4416B903A00031CC88</key>
		<dict>
			<key>isa</key>
			<string>PBXFileReference</string>
			<key>lastKnownFileType</key>
			<string>sourcecode.c.h</string>
			<key>path</key>
			<string>DXSocialPostsTests-Prefix.pch</string>
			<key>sourceTree</key>
			<string>&lt;group&gt;</string>
		</dict>
		<key>EAC11F4516B906D80031CC88</key>
		<dict>
			<key>children</key>
			<array>
				<string>EAC11F4616B906FB0031CC88</string>
				<string>EAC11F4716B906FB0031CC88</string>
			</array>
			<key>isa</key>
			<string>PBXGroup</string>
			<key>path</key>
			<string>WeiboRequestFactory</string>
			<key>sourceTree</key>
			<string>&lt;group&gt;</string>
		</dict>
		<key>EAC11F4616B906FB0031CC88</key>
		<dict>
			<key>fileEncoding</key>
			<string>4</string>
			<key>isa</key>
			<string>PBXFileReference</string>
			<key>lastKnownFileType</key>
			<string>sourcecode.c.h</string>
			<key>path</key>
			<string>DXWeiboTimelineRequestFactory.h</string>
			<key>sourceTree</key>
			<string>&lt;group&gt;</string>
		</dict>
		<key>EAC11F4716B906FB0031CC88</key>
		<dict>
			<key>fileEncoding</key>
			<string>4</string>
			<key>isa</key>
			<string>PBXFileReference</string>
			<key>lastKnownFileType</key>
			<string>sourcecode.c.objc</string>
			<key>path</key>
			<string>DXWeiboTimelineRequestFactory.m</string>
			<key>sourceTree</key>
			<string>&lt;group&gt;</string>
		</dict>
		<key>EAC11F4816B906FB0031CC88</key>
		<dict>
			<key>fileRef</key>
			<string>EAC11F4716B906FB0031CC88</string>
			<key>isa</key>
			<string>PBXBuildFile</string>
		</dict>
		<key>EAC11F4A16B90ACA0031CC88</key>
		<dict>
			<key>fileEncoding</key>
			<string>4</string>
			<key>isa</key>
			<string>PBXFileReference</string>
			<key>lastKnownFileType</key>
			<string>sourcecode.c.objc</string>
			<key>path</key>
			<string>DXSocialPostsWeiboTimelineSpec.m</string>
			<key>sourceTree</key>
			<string>&lt;group&gt;</string>
		</dict>
		<key>EAC11F4B16B90ACA0031CC88</key>
		<dict>
			<key>fileRef</key>
			<string>EAC11F4A16B90ACA0031CC88</string>
			<key>isa</key>
			<string>PBXBuildFile</string>
		</dict>
		<key>EAD31D6216CEF44E0044924E</key>
		<dict>
			<key>children</key>
			<array>
				<string>EAD31D6316CEF44E0044924E</string>
			</array>
			<key>isa</key>
			<string>PBXGroup</string>
			<key>path</key>
			<string>Protocols</string>
			<key>sourceTree</key>
			<string>&lt;group&gt;</string>
		</dict>
		<key>EAD31D6316CEF44E0044924E</key>
		<dict>
			<key>children</key>
			<array>
				<string>EAD31D6416CEF44E0044924E</string>
			</array>
			<key>isa</key>
			<string>PBXGroup</string>
			<key>path</key>
			<string>DXSPMapper</string>
			<key>sourceTree</key>
			<string>&lt;group&gt;</string>
		</dict>
		<key>EAD31D6416CEF44E0044924E</key>
		<dict>
			<key>fileEncoding</key>
			<string>4</string>
			<key>isa</key>
			<string>PBXFileReference</string>
			<key>lastKnownFileType</key>
			<string>sourcecode.c.h</string>
			<key>path</key>
			<string>DXSPMapper.h</string>
			<key>sourceTree</key>
			<string>&lt;group&gt;</string>
		</dict>
		<key>EAD89FCE16B97653005751AA</key>
		<dict>
			<key>children</key>
			<array>
				<string>EA3440E216C84D3A00259740</string>
			</array>
			<key>isa</key>
			<string>PBXGroup</string>
			<key>path</key>
			<string>Parsers</string>
			<key>sourceTree</key>
			<string>&lt;group&gt;</string>
		</dict>
		<key>EAE12D1416C7ECF0008C6658</key>
		<dict>
			<key>children</key>
			<array>
				<string>EA3B6F0216CB7EC400C0E5FF</string>
				<string>EA092D7D16CADBA000B3F7D8</string>
				<string>EAE12D1D16C7ED55008C6658</string>
			</array>
			<key>isa</key>
			<string>PBXGroup</string>
			<key>path</key>
			<string>Models</string>
			<key>sourceTree</key>
			<string>&lt;group&gt;</string>
		</dict>
		<key>EAE12D1D16C7ED55008C6658</key>
		<dict>
			<key>children</key>
			<array>
				<string>EAE12D1E16C7ED55008C6658</string>
				<string>EAE12D1F16C7ED55008C6658</string>
			</array>
			<key>isa</key>
			<string>PBXGroup</string>
			<key>path</key>
			<string>FacebookPost</string>
			<key>sourceTree</key>
			<string>&lt;group&gt;</string>
		</dict>
		<key>EAE12D1E16C7ED55008C6658</key>
		<dict>
			<key>fileEncoding</key>
			<string>4</string>
			<key>isa</key>
			<string>PBXFileReference</string>
			<key>lastKnownFileType</key>
			<string>sourcecode.c.h</string>
			<key>path</key>
			<string>FacebookPost.h</string>
			<key>sourceTree</key>
			<string>&lt;group&gt;</string>
		</dict>
		<key>EAE12D1F16C7ED55008C6658</key>
		<dict>
			<key>fileEncoding</key>
			<string>4</string>
			<key>isa</key>
			<string>PBXFileReference</string>
			<key>lastKnownFileType</key>
			<string>sourcecode.c.objc</string>
			<key>path</key>
			<string>FacebookPost.m</string>
			<key>sourceTree</key>
			<string>&lt;group&gt;</string>
		</dict>
		<key>EAE12D2016C7ED55008C6658</key>
		<dict>
			<key>fileRef</key>
			<string>EAE12D1F16C7ED55008C6658</string>
			<key>isa</key>
			<string>PBXBuildFile</string>
		</dict>
		<key>EAED59C216CEE01700237AA0</key>
		<dict>
			<key>children</key>
			<array>
				<string>EAED59C316CEE02200237AA0</string>
			</array>
			<key>isa</key>
			<string>PBXGroup</string>
			<key>path</key>
			<string>Requests</string>
			<key>sourceTree</key>
			<string>&lt;group&gt;</string>
		</dict>
		<key>EAED59C316CEE02200237AA0</key>
		<dict>
			<key>children</key>
			<array>
				<string>EAED59C416CEE03200237AA0</string>
				<string>EAED59C516CEE03200237AA0</string>
			</array>
			<key>isa</key>
			<string>PBXGroup</string>
			<key>path</key>
			<string>DXSPRequest</string>
			<key>sourceTree</key>
			<string>&lt;group&gt;</string>
		</dict>
		<key>EAED59C416CEE03200237AA0</key>
		<dict>
			<key>fileEncoding</key>
			<string>4</string>
			<key>isa</key>
			<string>PBXFileReference</string>
			<key>lastKnownFileType</key>
			<string>sourcecode.c.h</string>
			<key>path</key>
			<string>DXSPRequest.h</string>
			<key>sourceTree</key>
			<string>&lt;group&gt;</string>
		</dict>
		<key>EAED59C516CEE03200237AA0</key>
		<dict>
			<key>fileEncoding</key>
			<string>4</string>
			<key>isa</key>
			<string>PBXFileReference</string>
			<key>lastKnownFileType</key>
			<string>sourcecode.c.objc</string>
			<key>path</key>
			<string>DXSPRequest.m</string>
			<key>sourceTree</key>
			<string>&lt;group&gt;</string>
		</dict>
		<key>EAED59C616CEE03200237AA0</key>
		<dict>
			<key>fileRef</key>
			<string>EAED59C516CEE03200237AA0</string>
			<key>isa</key>
			<string>PBXBuildFile</string>
		</dict>
		<key>F5B9DA8C9EA2476C91C2565E</key>
		<dict>
			<key>buildActionMask</key>
			<string>2147483647</string>
			<key>files</key>
			<array/>
			<key>inputPaths</key>
			<array/>
			<key>isa</key>
			<string>PBXShellScriptBuildPhase</string>
			<key>name</key>
			<string>Copy Pods Resources</string>
			<key>outputPaths</key>
			<array/>
			<key>runOnlyForDeploymentPostprocessing</key>
			<string>0</string>
			<key>shellPath</key>
			<string>/bin/sh</string>
			<key>shellScript</key>
			<string>"${SRCROOT}/Pods/Pods-resources.sh"
</string>
		</dict>
	</dict>
	<key>rootObject</key>
	<string>EAC11EFA16B8F6160031CC88</string>
</dict>
</plist>
